// !$*UTF8*$!
{
	archiveVersion = 1;
	classes = {
	};
	objectVersion = 48;
	objects = {

/* Begin PBXBuildFile section */
		D1CF0DA01FDFBD3B0081DDD4 /* AppDelegate.m in Sources */ = {isa = PBXBuildFile; fileRef = D1CF0D9F1FDFBD3B0081DDD4 /* AppDelegate.m */; };
		D1CF0DA31FDFBD3B0081DDD4 /* ViewController.m in Sources */ = {isa = PBXBuildFile; fileRef = D1CF0DA21FDFBD3B0081DDD4 /* ViewController.m */; };
		D1CF0DA61FDFBD3B0081DDD4 /* Main.storyboard in Resources */ = {isa = PBXBuildFile; fileRef = D1CF0DA41FDFBD3B0081DDD4 /* Main.storyboard */; };
		D1CF0DA81FDFBD3B0081DDD4 /* Assets.xcassets in Resources */ = {isa = PBXBuildFile; fileRef = D1CF0DA71FDFBD3B0081DDD4 /* Assets.xcassets */; };
		D1CF0DAB1FDFBD3B0081DDD4 /* LaunchScreen.storyboard in Resources */ = {isa = PBXBuildFile; fileRef = D1CF0DA91FDFBD3B0081DDD4 /* LaunchScreen.storyboard */; };
		D1CF0DAE1FDFBD3B0081DDD4 /* main.m in Sources */ = {isa = PBXBuildFile; fileRef = D1CF0DAD1FDFBD3B0081DDD4 /* main.m */; };
		D1CF0DB81FDFBD5C0081DDD4 /* AYPassthroughScrollView.m in Sources */ = {isa = PBXBuildFile; fileRef = D1CF0DB41FDFBD5C0081DDD4 /* AYPassthroughScrollView.m */; };
		D1CF0DB91FDFBD5C0081DDD4 /* AYPannelViewController.m in Sources */ = {isa = PBXBuildFile; fileRef = D1CF0DB61FDFBD5C0081DDD4 /* AYPannelViewController.m */; };
		D1CF0DBC1FE10BD80081DDD4 /* AYDrawerContentViewController.m in Sources */ = {isa = PBXBuildFile; fileRef = D1CF0DBB1FE10BD80081DDD4 /* AYDrawerContentViewController.m */; };
		D1CF0DBF1FE10E080081DDD4 /* AYPrimaryContentViewController.m in Sources */ = {isa = PBXBuildFile; fileRef = D1CF0DBE1FE10E080081DDD4 /* AYPrimaryContentViewController.m */; };
/* End PBXBuildFile section */

/* Begin PBXFileReference section */
		D1CF0D9B1FDFBD3B0081DDD4 /* AYPannel.app */ = {isa = PBXFileReference; explicitFileType = wrapper.application; includeInIndex = 0; path = AYPannel.app; sourceTree = BUILT_PRODUCTS_DIR; };
		D1CF0D9E1FDFBD3B0081DDD4 /* AppDelegate.h */ = {isa = PBXFileReference; lastKnownFileType = sourcecode.c.h; path = AppDelegate.h; sourceTree = "<group>"; };
		D1CF0D9F1FDFBD3B0081DDD4 /* AppDelegate.m */ = {isa = PBXFileReference; lastKnownFileType = sourcecode.c.objc; path = AppDelegate.m; sourceTree = "<group>"; };
		D1CF0DA11FDFBD3B0081DDD4 /* ViewController.h */ = {isa = PBXFileReference; lastKnownFileType = sourcecode.c.h; path = ViewController.h; sourceTree = "<group>"; };
		D1CF0DA21FDFBD3B0081DDD4 /* ViewController.m */ = {isa = PBXFileReference; lastKnownFileType = sourcecode.c.objc; path = ViewController.m; sourceTree = "<group>"; };
		D1CF0DA51FDFBD3B0081DDD4 /* Base */ = {isa = PBXFileReference; lastKnownFileType = file.storyboard; name = Base; path = Base.lproj/Main.storyboard; sourceTree = "<group>"; };
		D1CF0DA71FDFBD3B0081DDD4 /* Assets.xcassets */ = {isa = PBXFileReference; lastKnownFileType = folder.assetcatalog; path = Assets.xcassets; sourceTree = "<group>"; };
		D1CF0DAA1FDFBD3B0081DDD4 /* Base */ = {isa = PBXFileReference; lastKnownFileType = file.storyboard; name = Base; path = Base.lproj/LaunchScreen.storyboard; sourceTree = "<group>"; };
		D1CF0DAC1FDFBD3B0081DDD4 /* Info.plist */ = {isa = PBXFileReference; lastKnownFileType = text.plist.xml; path = Info.plist; sourceTree = "<group>"; };
		D1CF0DAD1FDFBD3B0081DDD4 /* main.m */ = {isa = PBXFileReference; lastKnownFileType = sourcecode.c.objc; path = main.m; sourceTree = "<group>"; };
		D1CF0DB41FDFBD5C0081DDD4 /* AYPassthroughScrollView.m */ = {isa = PBXFileReference; fileEncoding = 4; lastKnownFileType = sourcecode.c.objc; path = AYPassthroughScrollView.m; sourceTree = "<group>"; };
		D1CF0DB51FDFBD5C0081DDD4 /* AYPannelViewController.h */ = {isa = PBXFileReference; fileEncoding = 4; lastKnownFileType = sourcecode.c.h; path = AYPannelViewController.h; sourceTree = "<group>"; };
		D1CF0DB61FDFBD5C0081DDD4 /* AYPannelViewController.m */ = {isa = PBXFileReference; fileEncoding = 4; lastKnownFileType = sourcecode.c.objc; path = AYPannelViewController.m; sourceTree = "<group>"; };
		D1CF0DB71FDFBD5C0081DDD4 /* AYPassthroughScrollView.h */ = {isa = PBXFileReference; fileEncoding = 4; lastKnownFileType = sourcecode.c.h; path = AYPassthroughScrollView.h; sourceTree = "<group>"; };
		D1CF0DBA1FE10BD80081DDD4 /* AYDrawerContentViewController.h */ = {isa = PBXFileReference; lastKnownFileType = sourcecode.c.h; path = AYDrawerContentViewController.h; sourceTree = "<group>"; };
		D1CF0DBB1FE10BD80081DDD4 /* AYDrawerContentViewController.m */ = {isa = PBXFileReference; lastKnownFileType = sourcecode.c.objc; path = AYDrawerContentViewController.m; sourceTree = "<group>"; };
		D1CF0DBD1FE10E080081DDD4 /* AYPrimaryContentViewController.h */ = {isa = PBXFileReference; lastKnownFileType = sourcecode.c.h; path = AYPrimaryContentViewController.h; sourceTree = "<group>"; };
		D1CF0DBE1FE10E080081DDD4 /* AYPrimaryContentViewController.m */ = {isa = PBXFileReference; lastKnownFileType = sourcecode.c.objc; path = AYPrimaryContentViewController.m; sourceTree = "<group>"; };
/* End PBXFileReference section */

/* Begin PBXFrameworksBuildPhase section */
		D1CF0D981FDFBD3B0081DDD4 /* Frameworks */ = {
			isa = PBXFrameworksBuildPhase;
			buildActionMask = 2147483647;
			files = (
			);
			runOnlyForDeploymentPostprocessing = 0;
		};
/* End PBXFrameworksBuildPhase section */

/* Begin PBXGroup section */
		D1CF0D921FDFBD3B0081DDD4 = {
			isa = PBXGroup;
			children = (
				D1CF0D9D1FDFBD3B0081DDD4 /* AYPannel */,
				D1CF0D9C1FDFBD3B0081DDD4 /* Products */,
			);
			sourceTree = "<group>";
		};
		D1CF0D9C1FDFBD3B0081DDD4 /* Products */ = {
			isa = PBXGroup;
			children = (
				D1CF0D9B1FDFBD3B0081DDD4 /* AYPannel.app */,
			);
			name = Products;
			sourceTree = "<group>";
		};
		D1CF0D9D1FDFBD3B0081DDD4 /* AYPannel */ = {
			isa = PBXGroup;
			children = (
				D1CF0D9E1FDFBD3B0081DDD4 /* AppDelegate.h */,
				D1CF0D9F1FDFBD3B0081DDD4 /* AppDelegate.m */,
				D1CF0DA11FDFBD3B0081DDD4 /* ViewController.h */,
				D1CF0DA21FDFBD3B0081DDD4 /* ViewController.m */,
				D1CF0DBD1FE10E080081DDD4 /* AYPrimaryContentViewController.h */,
				D1CF0DBE1FE10E080081DDD4 /* AYPrimaryContentViewController.m */,
				D1CF0DBA1FE10BD80081DDD4 /* AYDrawerContentViewController.h */,
				D1CF0DBB1FE10BD80081DDD4 /* AYDrawerContentViewController.m */,
				D1CF0DB51FDFBD5C0081DDD4 /* AYPannelViewController.h */,
				D1CF0DB61FDFBD5C0081DDD4 /* AYPannelViewController.m */,
				D1CF0DB71FDFBD5C0081DDD4 /* AYPassthroughScrollView.h */,
				D1CF0DB41FDFBD5C0081DDD4 /* AYPassthroughScrollView.m */,
				D1CF0DA41FDFBD3B0081DDD4 /* Main.storyboard */,
				D1CF0DA71FDFBD3B0081DDD4 /* Assets.xcassets */,
				D1CF0DA91FDFBD3B0081DDD4 /* LaunchScreen.storyboard */,
				D1CF0DAC1FDFBD3B0081DDD4 /* Info.plist */,
				D1CF0DAD1FDFBD3B0081DDD4 /* main.m */,
			);
			path = AYPannel;
			sourceTree = "<group>";
		};
/* End PBXGroup section */

/* Begin PBXNativeTarget section */
		D1CF0D9A1FDFBD3B0081DDD4 /* AYPannel */ = {
			isa = PBXNativeTarget;
			buildConfigurationList = D1CF0DB11FDFBD3B0081DDD4 /* Build configuration list for PBXNativeTarget "AYPannel" */;
			buildPhases = (
				D1CF0D971FDFBD3B0081DDD4 /* Sources */,
				D1CF0D981FDFBD3B0081DDD4 /* Frameworks */,
				D1CF0D991FDFBD3B0081DDD4 /* Resources */,
			);
			buildRules = (
			);
			dependencies = (
			);
			name = AYPannel;
			productName = AYPannel;
			productReference = D1CF0D9B1FDFBD3B0081DDD4 /* AYPannel.app */;
			productType = "com.apple.product-type.application";
		};
/* End PBXNativeTarget section */

/* Begin PBXProject section */
		D1CF0D931FDFBD3B0081DDD4 /* Project object */ = {
			isa = PBXProject;
			attributes = {
				LastUpgradeCheck = 0920;
				ORGANIZATIONNAME = anyuan;
				TargetAttributes = {
					D1CF0D9A1FDFBD3B0081DDD4 = {
						CreatedOnToolsVersion = 9.2;
						ProvisioningStyle = Automatic;
					};
				};
			};
			buildConfigurationList = D1CF0D961FDFBD3B0081DDD4 /* Build configuration list for PBXProject "AYPannel" */;
			compatibilityVersion = "Xcode 8.0";
			developmentRegion = en;
			hasScannedForEncodings = 0;
			knownRegions = (
				en,
				Base,
			);
			mainGroup = D1CF0D921FDFBD3B0081DDD4;
			productRefGroup = D1CF0D9C1FDFBD3B0081DDD4 /* Products */;
			projectDirPath = "";
			projectRoot = "";
			targets = (
				D1CF0D9A1FDFBD3B0081DDD4 /* AYPannel */,
			);
		};
/* End PBXProject section */

/* Begin PBXResourcesBuildPhase section */
		D1CF0D991FDFBD3B0081DDD4 /* Resources */ = {
			isa = PBXResourcesBuildPhase;
			buildActionMask = 2147483647;
			files = (
				D1CF0DAB1FDFBD3B0081DDD4 /* LaunchScreen.storyboard in Resources */,
				D1CF0DA81FDFBD3B0081DDD4 /* Assets.xcassets in Resources */,
				D1CF0DA61FDFBD3B0081DDD4 /* Main.storyboard in Resources */,
			);
			runOnlyForDeploymentPostprocessing = 0;
		};
/* End PBXResourcesBuildPhase section */

/* Begin PBXSourcesBuildPhase section */
		D1CF0D971FDFBD3B0081DDD4 /* Sources */ = {
			isa = PBXSourcesBuildPhase;
			buildActionMask = 2147483647;
			files = (
				D1CF0DB81FDFBD5C0081DDD4 /* AYPassthroughScrollView.m in Sources */,
				D1CF0DBC1FE10BD80081DDD4 /* AYDrawerContentViewController.m in Sources */,
				D1CF0DB91FDFBD5C0081DDD4 /* AYPannelViewController.m in Sources */,
				D1CF0DBF1FE10E080081DDD4 /* AYPrimaryContentViewController.m in Sources */,
				D1CF0DA31FDFBD3B0081DDD4 /* ViewController.m in Sources */,
				D1CF0DAE1FDFBD3B0081DDD4 /* main.m in Sources */,
				D1CF0DA01FDFBD3B0081DDD4 /* AppDelegate.m in Sources */,
			);
			runOnlyForDeploymentPostprocessing = 0;
		};
/* End PBXSourcesBuildPhase section */

/* Begin PBXVariantGroup section */
		D1CF0DA41FDFBD3B0081DDD4 /* Main.storyboard */ = {
			isa = PBXVariantGroup;
			children = (
				D1CF0DA51FDFBD3B0081DDD4 /* Base */,
			);
			name = Main.storyboard;
			sourceTree = "<group>";
		};
		D1CF0DA91FDFBD3B0081DDD4 /* LaunchScreen.storyboard */ = {
			isa = PBXVariantGroup;
			children = (
				D1CF0DAA1FDFBD3B0081DDD4 /* Base */,
			);
			name = LaunchScreen.storyboard;
			sourceTree = "<group>";
		};
/* End PBXVariantGroup section */

/* Begin XCBuildConfiguration section */
		D1CF0DAF1FDFBD3B0081DDD4 /* Debug */ = {
			isa = XCBuildConfiguration;
			buildSettings = {
				ALWAYS_SEARCH_USER_PATHS = NO;
				CLANG_ANALYZER_NONNULL = YES;
				CLANG_ANALYZER_NUMBER_OBJECT_CONVERSION = YES_AGGRESSIVE;
				CLANG_CXX_LANGUAGE_STANDARD = "gnu++14";
				CLANG_CXX_LIBRARY = "libc++";
				CLANG_ENABLE_MODULES = YES;
				CLANG_ENABLE_OBJC_ARC = YES;
				CLANG_WARN_BLOCK_CAPTURE_AUTORELEASING = YES;
				CLANG_WARN_BOOL_CONVERSION = YES;
				CLANG_WARN_COMMA = YES;
				CLANG_WARN_CONSTANT_CONVERSION = YES;
				CLANG_WARN_DIRECT_OBJC_ISA_USAGE = YES_ERROR;
				CLANG_WARN_DOCUMENTATION_COMMENTS = YES;
				CLANG_WARN_EMPTY_BODY = YES;
				CLANG_WARN_ENUM_CONVERSION = YES;
				CLANG_WARN_INFINITE_RECURSION = YES;
				CLANG_WARN_INT_CONVERSION = YES;
				CLANG_WARN_NON_LITERAL_NULL_CONVERSION = YES;
				CLANG_WARN_OBJC_LITERAL_CONVERSION = YES;
				CLANG_WARN_OBJC_ROOT_CLASS = YES_ERROR;
				CLANG_WARN_RANGE_LOOP_ANALYSIS = YES;
				CLANG_WARN_STRICT_PROTOTYPES = YES;
				CLANG_WARN_SUSPICIOUS_MOVE = YES;
				CLANG_WARN_UNGUARDED_AVAILABILITY = YES_AGGRESSIVE;
				CLANG_WARN_UNREACHABLE_CODE = YES;
				CLANG_WARN__DUPLICATE_METHOD_MATCH = YES;
				CODE_SIGN_IDENTITY = "iPhone Developer";
				COPY_PHASE_STRIP = NO;
				DEBUG_INFORMATION_FORMAT = dwarf;
				ENABLE_STRICT_OBJC_MSGSEND = YES;
				ENABLE_TESTABILITY = YES;
				GCC_C_LANGUAGE_STANDARD = gnu11;
				GCC_DYNAMIC_NO_PIC = NO;
				GCC_NO_COMMON_BLOCKS = YES;
				GCC_OPTIMIZATION_LEVEL = 0;
				GCC_PREPROCESSOR_DEFINITIONS = (
					"DEBUG=1",
					"$(inherited)",
				);
				GCC_WARN_64_TO_32_BIT_CONVERSION = YES;
				GCC_WARN_ABOUT_RETURN_TYPE = YES_ERROR;
				GCC_WARN_UNDECLARED_SELECTOR = YES;
				GCC_WARN_UNINITIALIZED_AUTOS = YES_AGGRESSIVE;
				GCC_WARN_UNUSED_FUNCTION = YES;
				GCC_WARN_UNUSED_VARIABLE = YES;
				IPHONEOS_DEPLOYMENT_TARGET = 11.2;
				MTL_ENABLE_DEBUG_INFO = YES;
				ONLY_ACTIVE_ARCH = YES;
				SDKROOT = iphoneos;
			};
			name = Debug;
		};
		D1CF0DB01FDFBD3B0081DDD4 /* Release */ = {
			isa = XCBuildConfiguration;
			buildSettings = {
				ALWAYS_SEARCH_USER_PATHS = NO;
				CLANG_ANALYZER_NONNULL = YES;
				CLANG_ANALYZER_NUMBER_OBJECT_CONVERSION = YES_AGGRESSIVE;
				CLANG_CXX_LANGUAGE_STANDARD = "gnu++14";
				CLANG_CXX_LIBRARY = "libc++";
				CLANG_ENABLE_MODULES = YES;
				CLANG_ENABLE_OBJC_ARC = YES;
				CLANG_WARN_BLOCK_CAPTURE_AUTORELEASING = YES;
				CLANG_WARN_BOOL_CONVERSION = YES;
				CLANG_WARN_COMMA = YES;
				CLANG_WARN_CONSTANT_CONVERSION = YES;
				CLANG_WARN_DIRECT_OBJC_ISA_USAGE = YES_ERROR;
				CLANG_WARN_DOCUMENTATION_COMMENTS = YES;
				CLANG_WARN_EMPTY_BODY = YES;
				CLANG_WARN_ENUM_CONVERSION = YES;
				CLANG_WARN_INFINITE_RECURSION = YES;
				CLANG_WARN_INT_CONVERSION = YES;
				CLANG_WARN_NON_LITERAL_NULL_CONVERSION = YES;
				CLANG_WARN_OBJC_LITERAL_CONVERSION = YES;
				CLANG_WARN_OBJC_ROOT_CLASS = YES_ERROR;
				CLANG_WARN_RANGE_LOOP_ANALYSIS = YES;
				CLANG_WARN_STRICT_PROTOTYPES = YES;
				CLANG_WARN_SUSPICIOUS_MOVE = YES;
				CLANG_WARN_UNGUARDED_AVAILABILITY = YES_AGGRESSIVE;
				CLANG_WARN_UNREACHABLE_CODE = YES;
				CLANG_WARN__DUPLICATE_METHOD_MATCH = YES;
				CODE_SIGN_IDENTITY = "iPhone Developer";
				COPY_PHASE_STRIP = NO;
				DEBUG_INFORMATION_FORMAT = "dwarf-with-dsym";
				ENABLE_NS_ASSERTIONS = NO;
				ENABLE_STRICT_OBJC_MSGSEND = YES;
				GCC_C_LANGUAGE_STANDARD = gnu11;
				GCC_NO_COMMON_BLOCKS = YES;
				GCC_WARN_64_TO_32_BIT_CONVERSION = YES;
				GCC_WARN_ABOUT_RETURN_TYPE = YES_ERROR;
				GCC_WARN_UNDECLARED_SELECTOR = YES;
				GCC_WARN_UNINITIALIZED_AUTOS = YES_AGGRESSIVE;
				GCC_WARN_UNUSED_FUNCTION = YES;
				GCC_WARN_UNUSED_VARIABLE = YES;
				IPHONEOS_DEPLOYMENT_TARGET = 11.2;
				MTL_ENABLE_DEBUG_INFO = NO;
				SDKROOT = iphoneos;
				VALIDATE_PRODUCT = YES;
			};
			name = Release;
		};
		D1CF0DB21FDFBD3B0081DDD4 /* Debug */ = {
			isa = XCBuildConfiguration;
			buildSettings = {
				ASSETCATALOG_COMPILER_APPICON_NAME = AppIcon;
				CODE_SIGN_STYLE = Automatic;
				DEVELOPMENT_TEAM = 2S522JJ287;
				INFOPLIST_FILE = AYPannel/Info.plist;
				LD_RUNPATH_SEARCH_PATHS = "$(inherited) @executable_path/Frameworks";
				PRODUCT_BUNDLE_IDENTIFIER = anyuan.AYPannel;
				PRODUCT_NAME = "$(TARGET_NAME)";
				TARGETED_DEVICE_FAMILY = "1,2";
			};
			name = Debug;
		};
		D1CF0DB31FDFBD3B0081DDD4 /* Release */ = {
			isa = XCBuildConfiguration;
			buildSettings = {
				ASSETCATALOG_COMPILER_APPICON_NAME = AppIcon;
				CODE_SIGN_STYLE = Automatic;
				DEVELOPMENT_TEAM = 2S522JJ287;
				INFOPLIST_FILE = AYPannel/Info.plist;
				LD_RUNPATH_SEARCH_PATHS = "$(inherited) @executable_path/Frameworks";
				PRODUCT_BUNDLE_IDENTIFIER = anyuan.AYPannel;
				PRODUCT_NAME = "$(TARGET_NAME)";
				TARGETED_DEVICE_FAMILY = "1,2";
			};
			name = Release;
		};
/* End XCBuildConfiguration section */

/* Begin XCConfigurationList section */
		D1CF0D961FDFBD3B0081DDD4 /* Build configuration list for PBXProject "AYPannel" */ = {
			isa = XCConfigurationList;
			buildConfigurations = (
				D1CF0DAF1FDFBD3B0081DDD4 /* Debug */,
				D1CF0DB01FDFBD3B0081DDD4 /* Release */,
			);
			defaultConfigurationIsVisible = 0;
			defaultConfigurationName = Release;
		};
		D1CF0DB11FDFBD3B0081DDD4 /* Build configuration list for PBXNativeTarget "AYPannel" */ = {
			isa = XCConfigurationList;
			buildConfigurations = (
				D1CF0DB21FDFBD3B0081DDD4 /* Debug */,
				D1CF0DB31FDFBD3B0081DDD4 /* Release */,
			);
			defaultConfigurationIsVisible = 0;
			defaultConfigurationName = Release;
		};
/* End XCConfigurationList section */
	};
	rootObject = D1CF0D931FDFBD3B0081DDD4 /* Project object */;
}
